{
  "name": "@technologiesitftung/next-iot-hub-db",
  "version": "0.1.0",
  "lockfileVersion": 1,
  "requires": true,
  "dependencies": {
    "@prisma/client": {
      "version": "2.20.1",
      "resolved": "https://registry.npmjs.org/@prisma/client/-/client-2.20.1.tgz",
      "integrity": "sha512-/IYPubBi55rNMHfE0wwglA6eTWEZD77oz+x+3Mm9ji2lDKdS1lnYKZ0wZX0E3AB8gTNL/zsGtfzmfjgn3ePyIw==",
      "requires": {
        "@prisma/engines-version": "2.20.0-26.60ba6551f29b17d7d6ce479e5733c70d9c00860e"
      }
    },
    "@prisma/engines": {
      "version": "2.20.0-26.60ba6551f29b17d7d6ce479e5733c70d9c00860e",
      "resolved": "https://registry.npmjs.org/@prisma/engines/-/engines-2.20.0-26.60ba6551f29b17d7d6ce479e5733c70d9c00860e.tgz",
      "integrity": "sha512-zOWETm7DTRvlwf/CekPNSeJe6EC5bn2IFexd74wM9zgBXCZo+1sMDuNGtCqIt4Rzv8CcimEgyzrEFVq0LPV8qg==",
      "dev": true
    },
    "@prisma/engines-version": {
      "version": "2.20.0-26.60ba6551f29b17d7d6ce479e5733c70d9c00860e",
      "resolved": "https://registry.npmjs.org/@prisma/engines-version/-/engines-version-2.20.0-26.60ba6551f29b17d7d6ce479e5733c70d9c00860e.tgz",
      "integrity": "sha512-fJhbGZXm2SPs/RsI79Ew4SFe+6QmChNdgU2I/SIjmU18bUgK8f1TBEWnVtFdBqEDHYPGxbpaianF7lp04KN7EA=="
    },
    "prisma": {
      "version": "2.20.1",
      "resolved": "https://registry.npmjs.org/prisma/-/prisma-2.20.1.tgz",
      "integrity": "sha512-zyPvJSUfJrmciP2D/4aUrsyIefiH8AIJUeuq1a0X1df1AFw9QQ+ata/7VQdoP+RIQHnCb6Kln9kqfUw/fieljw==",
      "dev": true,
      "requires": {
        "@prisma/engines": "2.20.0-26.60ba6551f29b17d7d6ce479e5733c70d9c00860e"
      }
    }
  }
}
